
Microsoft Visual Studio Solution File, Format Version 12.00
# Visual Studio Version 17
VisualStudioVersion = 17.13.35806.99 d17.13
MinimumVisualStudioVersion = 10.0.40219.1
Project("{FAE04EC0-301F-11D3-BF4B-00C04F79EFBC}") = "listadeexercicios1", "listadeexercicios1\listadeexercicios1.csproj", "{0CEEB1AF-20E7-402F-A53F-EEE1E2FBBBEC}"
EndProject
Global
	GlobalSection(SolutionConfigurationPlatforms) = preSolution
		Debug|Any CPU = Debug|Any CPU
		Release|Any CPU = Release|Any CPU
	EndGlobalSection
	GlobalSection(ProjectConfigurationPlatforms) = postSolution
		{0CEEB1AF-20E7-402F-A53F-EEE1E2FBBBEC}.Debug|Any CPU.ActiveCfg = Debug|Any CPU
		{0CEEB1AF-20E7-402F-A53F-EEE1E2FBBBEC}.Debug|Any CPU.Build.0 = Debug|Any CPU
		{0CEEB1AF-20E7-402F-A53F-EEE1E2FBBBEC}.Release|Any CPU.ActiveCfg = Release|Any CPU
		{0CEEB1AF-20E7-402F-A53F-EEE1E2FBBBEC}.Release|Any CPU.Build.0 = Release|Any CPU
	EndGlobalSection
	GlobalSection(SolutionProperties) = preSolution
		HideSolutionNode = FALSE
	EndGlobalSection
	GlobalSection(ExtensibilityGlobals) = postSolution
		SolutionGuid = {6FE263DB-EFB4-4D93-ABBF-E883A3BF75F4}
	EndGlobalSection
EndGlobal
